
Microsoft Visual Studio Solution File, Format Version 12.00
# Visual Studio Version 17
VisualStudioVersion = 17.14.36221.1
MinimumVisualStudioVersion = 10.0.40219.1
Project("{FAE04EC0-301F-11D3-BF4B-00C04F79EFBC}") = "MyNetStandardLib", "MyNetStandardLib\MyNetStandardLib.csproj", "{DB6A002F-EF70-47BE-94DE-04EBE032CD8B}"
EndProject
Project("{FAE04EC0-301F-11D3-BF4B-00C04F79EFBC}") = "MyWpfApp", "MyWpfApp\MyWpfApp.csproj", "{2180B9A0-69D0-40AC-99F4-FDBEF6C40183}"
EndProject
Project("{FAE04EC0-301F-11D3-BF4B-00C04F79EFBC}") = "MyNetFrameworkApp", "MyNetFrameworkApp\MyNetFrameworkApp.csproj", "{8D454C71-5B62-484E-B6B4-99351A901E2B}"
EndProject
Project("{8BC9CEB8-8B4A-11D0-8D11-00A0C91BC942}") = "MyCliProject", "MyCliProject\MyCliProject.vcxproj", "{334055E4-7B04-D584-9096-B917E99B3945}"
EndProject
Project("{930C7802-8A8C-48F9-8165-68863BCCD9DD}") = "Installer", "Installer\Installer.wixproj", "{29F1A635-5429-42CF-9CB7-7F02E131860B}"
EndProject
Global
	GlobalSection(SolutionConfigurationPlatforms) = preSolution
		Debug|Any CPU = Debug|Any CPU
		Debug|x64 = Debug|x64
		Debug|x86 = Debug|x86
		Release|Any CPU = Release|Any CPU
		Release|x64 = Release|x64
		Release|x86 = Release|x86
	EndGlobalSection
	GlobalSection(ProjectConfigurationPlatforms) = postSolution
		{DB6A002F-EF70-47BE-94DE-04EBE032CD8B}.Debug|Any CPU.ActiveCfg = Debug|Any CPU
		{DB6A002F-EF70-47BE-94DE-04EBE032CD8B}.Debug|Any CPU.Build.0 = Debug|Any CPU
		{DB6A002F-EF70-47BE-94DE-04EBE032CD8B}.Debug|x64.ActiveCfg = Debug|Any CPU
		{DB6A002F-EF70-47BE-94DE-04EBE032CD8B}.Debug|x64.Build.0 = Debug|Any CPU
		{DB6A002F-EF70-47BE-94DE-04EBE032CD8B}.Debug|x86.ActiveCfg = Debug|Any CPU
		{DB6A002F-EF70-47BE-94DE-04EBE032CD8B}.Debug|x86.Build.0 = Debug|Any CPU
		{DB6A002F-EF70-47BE-94DE-04EBE032CD8B}.Release|Any CPU.ActiveCfg = Release|Any CPU
		{DB6A002F-EF70-47BE-94DE-04EBE032CD8B}.Release|Any CPU.Build.0 = Release|Any CPU
		{DB6A002F-EF70-47BE-94DE-04EBE032CD8B}.Release|x64.ActiveCfg = Release|Any CPU
		{DB6A002F-EF70-47BE-94DE-04EBE032CD8B}.Release|x64.Build.0 = Release|Any CPU
		{DB6A002F-EF70-47BE-94DE-04EBE032CD8B}.Release|x86.ActiveCfg = Release|Any CPU
		{DB6A002F-EF70-47BE-94DE-04EBE032CD8B}.Release|x86.Build.0 = Release|Any CPU
		{2180B9A0-69D0-40AC-99F4-FDBEF6C40183}.Debug|Any CPU.ActiveCfg = Debug|Any CPU
		{2180B9A0-69D0-40AC-99F4-FDBEF6C40183}.Debug|Any CPU.Build.0 = Debug|Any CPU
		{2180B9A0-69D0-40AC-99F4-FDBEF6C40183}.Debug|x64.ActiveCfg = Debug|Any CPU
		{2180B9A0-69D0-40AC-99F4-FDBEF6C40183}.Debug|x64.Build.0 = Debug|Any CPU
		{2180B9A0-69D0-40AC-99F4-FDBEF6C40183}.Debug|x86.ActiveCfg = Debug|Any CPU
		{2180B9A0-69D0-40AC-99F4-FDBEF6C40183}.Debug|x86.Build.0 = Debug|Any CPU
		{2180B9A0-69D0-40AC-99F4-FDBEF6C40183}.Release|Any CPU.ActiveCfg = Release|Any CPU
		{2180B9A0-69D0-40AC-99F4-FDBEF6C40183}.Release|Any CPU.Build.0 = Release|Any CPU
		{2180B9A0-69D0-40AC-99F4-FDBEF6C40183}.Release|x64.ActiveCfg = Release|Any CPU
		{2180B9A0-69D0-40AC-99F4-FDBEF6C40183}.Release|x64.Build.0 = Release|Any CPU
		{2180B9A0-69D0-40AC-99F4-FDBEF6C40183}.Release|x86.ActiveCfg = Release|Any CPU
		{2180B9A0-69D0-40AC-99F4-FDBEF6C40183}.Release|x86.Build.0 = Release|Any CPU
		{8D454C71-5B62-484E-B6B4-99351A901E2B}.Debug|Any CPU.ActiveCfg = Debug|Any CPU
		{8D454C71-5B62-484E-B6B4-99351A901E2B}.Debug|Any CPU.Build.0 = Debug|Any CPU
		{8D454C71-5B62-484E-B6B4-99351A901E2B}.Debug|x64.ActiveCfg = Debug|Any CPU
		{8D454C71-5B62-484E-B6B4-99351A901E2B}.Debug|x64.Build.0 = Debug|Any CPU
		{8D454C71-5B62-484E-B6B4-99351A901E2B}.Debug|x86.ActiveCfg = Debug|Any CPU
		{8D454C71-5B62-484E-B6B4-99351A901E2B}.Debug|x86.Build.0 = Debug|Any CPU
		{8D454C71-5B62-484E-B6B4-99351A901E2B}.Release|Any CPU.ActiveCfg = Release|Any CPU
		{8D454C71-5B62-484E-B6B4-99351A901E2B}.Release|Any CPU.Build.0 = Release|Any CPU
		{8D454C71-5B62-484E-B6B4-99351A901E2B}.Release|x64.ActiveCfg = Release|Any CPU
		{8D454C71-5B62-484E-B6B4-99351A901E2B}.Release|x64.Build.0 = Release|Any CPU
		{8D454C71-5B62-484E-B6B4-99351A901E2B}.Release|x86.ActiveCfg = Release|Any CPU
		{8D454C71-5B62-484E-B6B4-99351A901E2B}.Release|x86.Build.0 = Release|Any CPU
		{334055E4-7B04-D584-9096-B917E99B3945}.Debug|Any CPU.ActiveCfg = Debug|x64
		{334055E4-7B04-D584-9096-B917E99B3945}.Debug|Any CPU.Build.0 = Debug|x64
		{334055E4-7B04-D584-9096-B917E99B3945}.Debug|x64.ActiveCfg = Debug|x64
		{334055E4-7B04-D584-9096-B917E99B3945}.Debug|x64.Build.0 = Debug|x64
		{334055E4-7B04-D584-9096-B917E99B3945}.Debug|x86.ActiveCfg = Debug|Win32
		{334055E4-7B04-D584-9096-B917E99B3945}.Debug|x86.Build.0 = Debug|Win32
		{334055E4-7B04-D584-9096-B917E99B3945}.Release|Any CPU.ActiveCfg = Release|x64
		{334055E4-7B04-D584-9096-B917E99B3945}.Release|Any CPU.Build.0 = Release|x64
		{334055E4-7B04-D584-9096-B917E99B3945}.Release|x64.ActiveCfg = Release|x64
		{334055E4-7B04-D584-9096-B917E99B3945}.Release|x64.Build.0 = Release|x64
		{334055E4-7B04-D584-9096-B917E99B3945}.Release|x86.ActiveCfg = Release|Win32
		{334055E4-7B04-D584-9096-B917E99B3945}.Release|x86.Build.0 = Release|Win32
		{29F1A635-5429-42CF-9CB7-7F02E131860B}.Debug|Any CPU.ActiveCfg = Debug|x86
		{29F1A635-5429-42CF-9CB7-7F02E131860B}.Debug|Any CPU.Build.0 = Debug|x86
		{29F1A635-5429-42CF-9CB7-7F02E131860B}.Debug|x64.ActiveCfg = Debug|x86
		{29F1A635-5429-42CF-9CB7-7F02E131860B}.Debug|x64.Build.0 = Debug|x86
		{29F1A635-5429-42CF-9CB7-7F02E131860B}.Debug|x86.ActiveCfg = Debug|x86
		{29F1A635-5429-42CF-9CB7-7F02E131860B}.Debug|x86.Build.0 = Debug|x86
		{29F1A635-5429-42CF-9CB7-7F02E131860B}.Release|Any CPU.ActiveCfg = Release|x86
		{29F1A635-5429-42CF-9CB7-7F02E131860B}.Release|Any CPU.Build.0 = Release|x86
		{29F1A635-5429-42CF-9CB7-7F02E131860B}.Release|x64.ActiveCfg = Release|x86
		{29F1A635-5429-42CF-9CB7-7F02E131860B}.Release|x64.Build.0 = Release|x86
		{29F1A635-5429-42CF-9CB7-7F02E131860B}.Release|x86.ActiveCfg = Release|x86
		{29F1A635-5429-42CF-9CB7-7F02E131860B}.Release|x86.Build.0 = Release|x86
	EndGlobalSection
	GlobalSection(SolutionProperties) = preSolution
		HideSolutionNode = FALSE
	EndGlobalSection
	GlobalSection(ExtensibilityGlobals) = postSolution
		SolutionGuid = {04B1709E-3416-4944-A8B5-0249D43860C5}
	EndGlobalSection
EndGlobal
