
Microsoft Visual Studio Solution File, Format Version 12.00
# Visual Studio Version 17
VisualStudioVersion = 17.14.36221.1
MinimumVisualStudioVersion = 10.0.40219.1
Project("{FAE04EC0-301F-11D3-BF4B-00C04F79EFBC}") = "WpfApp", "WpfApp\WpfApp.csproj", "{3F847E62-7F52-4E13-9148-8191CE1F7AC7}"
EndProject
Project("{FAE04EC0-301F-11D3-BF4B-00C04F79EFBC}") = "NetStandardLib", "NetStandardLib\NetStandardLib.csproj", "{EF775B33-B814-431B-8E72-8D8B13BA58CD}"
EndProject
Project("{FAE04EC0-301F-11D3-BF4B-00C04F79EFBC}") = "NetFrameworkApp", "NetFrameworkApp\NetFrameworkApp.csproj", "{F9B87397-EF7B-47EE-A03D-DC25C20610EF}"
EndProject
Project("{8BC9CEB8-8B4A-11D0-8D11-00A0C91BC942}") = "CliProject", "CliProject\CliProject.vcxproj", "{51D8F7EB-5495-DC2C-9E70-9FC55B387F3B}"
EndProject
Project("{8BC9CEB8-8B4A-11D0-8D11-00A0C91BC942}") = "CppProject", "CppProject\CppProject.vcxproj", "{114B412D-31BC-429C-AD24-1FA440F05B17}"
EndProject
Project("{2150E333-8FDC-42A3-9474-1A3956D46DE8}") = "Tests", "Tests", "{02EA681E-C7D8-13C7-8484-4AC65E1B71E8}"
EndProject
Project("{FAE04EC0-301F-11D3-BF4B-00C04F79EFBC}") = "DotNetTests", "Tests\DotNetTests\DotNetTests.csproj", "{7C04BB0F-301B-9400-A67A-7B594B335BF1}"
EndProject
Project("{8BC9CEB8-8B4A-11D0-8D11-00A0C91BC942}") = "CppNativeTests", "Tests\CppNativeTests\CppNativeTests.vcxproj", "{10E57349-B6D5-4912-9416-700C2A2CA42F}"
EndProject
Project("{FAE04EC0-301F-11D3-BF4B-00C04F79EFBC}") = "CliTests", "Tests\CliTests\CliTests.csproj", "{5F73AA4C-A140-49EF-B382-61ED31AD7F4C}"
EndProject
Global
	GlobalSection(SolutionConfigurationPlatforms) = preSolution
		Debug|Any CPU = Debug|Any CPU
		Debug|x64 = Debug|x64
		Debug|x86 = Debug|x86
		Release|Any CPU = Release|Any CPU
		Release|x64 = Release|x64
		Release|x86 = Release|x86
	EndGlobalSection
	GlobalSection(ProjectConfigurationPlatforms) = postSolution
		{3F847E62-7F52-4E13-9148-8191CE1F7AC7}.Debug|Any CPU.ActiveCfg = Debug|Any CPU
		{3F847E62-7F52-4E13-9148-8191CE1F7AC7}.Debug|Any CPU.Build.0 = Debug|Any CPU
		{3F847E62-7F52-4E13-9148-8191CE1F7AC7}.Debug|x64.ActiveCfg = Debug|Any CPU
		{3F847E62-7F52-4E13-9148-8191CE1F7AC7}.Debug|x64.Build.0 = Debug|Any CPU
		{3F847E62-7F52-4E13-9148-8191CE1F7AC7}.Debug|x86.ActiveCfg = Debug|Any CPU
		{3F847E62-7F52-4E13-9148-8191CE1F7AC7}.Debug|x86.Build.0 = Debug|Any CPU
		{3F847E62-7F52-4E13-9148-8191CE1F7AC7}.Release|Any CPU.ActiveCfg = Release|Any CPU
		{3F847E62-7F52-4E13-9148-8191CE1F7AC7}.Release|Any CPU.Build.0 = Release|Any CPU
		{3F847E62-7F52-4E13-9148-8191CE1F7AC7}.Release|x64.ActiveCfg = Release|Any CPU
		{3F847E62-7F52-4E13-9148-8191CE1F7AC7}.Release|x64.Build.0 = Release|Any CPU
		{3F847E62-7F52-4E13-9148-8191CE1F7AC7}.Release|x86.ActiveCfg = Release|Any CPU
		{3F847E62-7F52-4E13-9148-8191CE1F7AC7}.Release|x86.Build.0 = Release|Any CPU
		{EF775B33-B814-431B-8E72-8D8B13BA58CD}.Debug|Any CPU.ActiveCfg = Debug|Any CPU
		{EF775B33-B814-431B-8E72-8D8B13BA58CD}.Debug|Any CPU.Build.0 = Debug|Any CPU
		{EF775B33-B814-431B-8E72-8D8B13BA58CD}.Debug|x64.ActiveCfg = Debug|Any CPU
		{EF775B33-B814-431B-8E72-8D8B13BA58CD}.Debug|x64.Build.0 = Debug|Any CPU
		{EF775B33-B814-431B-8E72-8D8B13BA58CD}.Debug|x86.ActiveCfg = Debug|Any CPU
		{EF775B33-B814-431B-8E72-8D8B13BA58CD}.Debug|x86.Build.0 = Debug|Any CPU
		{EF775B33-B814-431B-8E72-8D8B13BA58CD}.Release|Any CPU.ActiveCfg = Release|Any CPU
		{EF775B33-B814-431B-8E72-8D8B13BA58CD}.Release|Any CPU.Build.0 = Release|Any CPU
		{EF775B33-B814-431B-8E72-8D8B13BA58CD}.Release|x64.ActiveCfg = Release|Any CPU
		{EF775B33-B814-431B-8E72-8D8B13BA58CD}.Release|x64.Build.0 = Release|Any CPU
		{EF775B33-B814-431B-8E72-8D8B13BA58CD}.Release|x86.ActiveCfg = Release|Any CPU
		{EF775B33-B814-431B-8E72-8D8B13BA58CD}.Release|x86.Build.0 = Release|Any CPU
		{F9B87397-EF7B-47EE-A03D-DC25C20610EF}.Debug|Any CPU.ActiveCfg = Debug|Any CPU
		{F9B87397-EF7B-47EE-A03D-DC25C20610EF}.Debug|Any CPU.Build.0 = Debug|Any CPU
		{F9B87397-EF7B-47EE-A03D-DC25C20610EF}.Debug|x64.ActiveCfg = Debug|Any CPU
		{F9B87397-EF7B-47EE-A03D-DC25C20610EF}.Debug|x64.Build.0 = Debug|Any CPU
		{F9B87397-EF7B-47EE-A03D-DC25C20610EF}.Debug|x86.ActiveCfg = Debug|Any CPU
		{F9B87397-EF7B-47EE-A03D-DC25C20610EF}.Debug|x86.Build.0 = Debug|Any CPU
		{F9B87397-EF7B-47EE-A03D-DC25C20610EF}.Release|Any CPU.ActiveCfg = Release|Any CPU
		{F9B87397-EF7B-47EE-A03D-DC25C20610EF}.Release|Any CPU.Build.0 = Release|Any CPU
		{F9B87397-EF7B-47EE-A03D-DC25C20610EF}.Release|x64.ActiveCfg = Release|Any CPU
		{F9B87397-EF7B-47EE-A03D-DC25C20610EF}.Release|x64.Build.0 = Release|Any CPU
		{F9B87397-EF7B-47EE-A03D-DC25C20610EF}.Release|x86.ActiveCfg = Release|Any CPU
		{F9B87397-EF7B-47EE-A03D-DC25C20610EF}.Release|x86.Build.0 = Release|Any CPU
		{51D8F7EB-5495-DC2C-9E70-9FC55B387F3B}.Debug|Any CPU.ActiveCfg = Debug|x64
		{51D8F7EB-5495-DC2C-9E70-9FC55B387F3B}.Debug|Any CPU.Build.0 = Debug|x64
		{51D8F7EB-5495-DC2C-9E70-9FC55B387F3B}.Debug|x64.ActiveCfg = Debug|x64
		{51D8F7EB-5495-DC2C-9E70-9FC55B387F3B}.Debug|x64.Build.0 = Debug|x64
		{51D8F7EB-5495-DC2C-9E70-9FC55B387F3B}.Debug|x86.ActiveCfg = Debug|Win32
		{51D8F7EB-5495-DC2C-9E70-9FC55B387F3B}.Debug|x86.Build.0 = Debug|Win32
		{51D8F7EB-5495-DC2C-9E70-9FC55B387F3B}.Release|Any CPU.ActiveCfg = Release|x64
		{51D8F7EB-5495-DC2C-9E70-9FC55B387F3B}.Release|Any CPU.Build.0 = Release|x64
		{51D8F7EB-5495-DC2C-9E70-9FC55B387F3B}.Release|x64.ActiveCfg = Release|x64
		{51D8F7EB-5495-DC2C-9E70-9FC55B387F3B}.Release|x64.Build.0 = Release|x64
		{51D8F7EB-5495-DC2C-9E70-9FC55B387F3B}.Release|x86.ActiveCfg = Release|Win32
		{51D8F7EB-5495-DC2C-9E70-9FC55B387F3B}.Release|x86.Build.0 = Release|Win32
		{114B412D-31BC-429C-AD24-1FA440F05B17}.Debug|Any CPU.ActiveCfg = Debug|x64
		{114B412D-31BC-429C-AD24-1FA440F05B17}.Debug|Any CPU.Build.0 = Debug|x64
		{114B412D-31BC-429C-AD24-1FA440F05B17}.Debug|x64.ActiveCfg = Debug|x64
		{114B412D-31BC-429C-AD24-1FA440F05B17}.Debug|x64.Build.0 = Debug|x64
		{114B412D-31BC-429C-AD24-1FA440F05B17}.Debug|x86.ActiveCfg = Debug|Win32
		{114B412D-31BC-429C-AD24-1FA440F05B17}.Debug|x86.Build.0 = Debug|Win32
		{114B412D-31BC-429C-AD24-1FA440F05B17}.Release|Any CPU.ActiveCfg = Release|x64
		{114B412D-31BC-429C-AD24-1FA440F05B17}.Release|Any CPU.Build.0 = Release|x64
		{114B412D-31BC-429C-AD24-1FA440F05B17}.Release|x64.ActiveCfg = Release|x64
		{114B412D-31BC-429C-AD24-1FA440F05B17}.Release|x64.Build.0 = Release|x64
		{114B412D-31BC-429C-AD24-1FA440F05B17}.Release|x86.ActiveCfg = Release|Win32
		{114B412D-31BC-429C-AD24-1FA440F05B17}.Release|x86.Build.0 = Release|Win32
		{7C04BB0F-301B-9400-A67A-7B594B335BF1}.Debug|Any CPU.ActiveCfg = Debug|Any CPU
		{7C04BB0F-301B-9400-A67A-7B594B335BF1}.Debug|Any CPU.Build.0 = Debug|Any CPU
		{7C04BB0F-301B-9400-A67A-7B594B335BF1}.Debug|x64.ActiveCfg = Debug|Any CPU
		{7C04BB0F-301B-9400-A67A-7B594B335BF1}.Debug|x64.Build.0 = Debug|Any CPU
		{7C04BB0F-301B-9400-A67A-7B594B335BF1}.Debug|x86.ActiveCfg = Debug|Any CPU
		{7C04BB0F-301B-9400-A67A-7B594B335BF1}.Debug|x86.Build.0 = Debug|Any CPU
		{7C04BB0F-301B-9400-A67A-7B594B335BF1}.Release|Any CPU.ActiveCfg = Release|Any CPU
		{7C04BB0F-301B-9400-A67A-7B594B335BF1}.Release|Any CPU.Build.0 = Release|Any CPU
		{7C04BB0F-301B-9400-A67A-7B594B335BF1}.Release|x64.ActiveCfg = Release|Any CPU
		{7C04BB0F-301B-9400-A67A-7B594B335BF1}.Release|x64.Build.0 = Release|Any CPU
		{7C04BB0F-301B-9400-A67A-7B594B335BF1}.Release|x86.ActiveCfg = Release|Any CPU
		{7C04BB0F-301B-9400-A67A-7B594B335BF1}.Release|x86.Build.0 = Release|Any CPU
		{10E57349-B6D5-4912-9416-700C2A2CA42F}.Debug|Any CPU.ActiveCfg = Debug|x64
		{10E57349-B6D5-4912-9416-700C2A2CA42F}.Debug|Any CPU.Build.0 = Debug|x64
		{10E57349-B6D5-4912-9416-700C2A2CA42F}.Debug|x64.ActiveCfg = Debug|x64
		{10E57349-B6D5-4912-9416-700C2A2CA42F}.Debug|x64.Build.0 = Debug|x64
		{10E57349-B6D5-4912-9416-700C2A2CA42F}.Debug|x86.ActiveCfg = Debug|Win32
		{10E57349-B6D5-4912-9416-700C2A2CA42F}.Debug|x86.Build.0 = Debug|Win32
		{10E57349-B6D5-4912-9416-700C2A2CA42F}.Release|Any CPU.ActiveCfg = Release|x64
		{10E57349-B6D5-4912-9416-700C2A2CA42F}.Release|Any CPU.Build.0 = Release|x64
		{10E57349-B6D5-4912-9416-700C2A2CA42F}.Release|x64.ActiveCfg = Release|x64
		{10E57349-B6D5-4912-9416-700C2A2CA42F}.Release|x64.Build.0 = Release|x64
		{10E57349-B6D5-4912-9416-700C2A2CA42F}.Release|x86.ActiveCfg = Release|Win32
		{10E57349-B6D5-4912-9416-700C2A2CA42F}.Release|x86.Build.0 = Release|Win32
		{5F73AA4C-A140-49EF-B382-61ED31AD7F4C}.Debug|Any CPU.ActiveCfg = Debug|Any CPU
		{5F73AA4C-A140-49EF-B382-61ED31AD7F4C}.Debug|Any CPU.Build.0 = Debug|Any CPU
		{5F73AA4C-A140-49EF-B382-61ED31AD7F4C}.Debug|x64.ActiveCfg = Debug|Any CPU
		{5F73AA4C-A140-49EF-B382-61ED31AD7F4C}.Debug|x64.Build.0 = Debug|Any CPU
		{5F73AA4C-A140-49EF-B382-61ED31AD7F4C}.Debug|x86.ActiveCfg = Debug|Any CPU
		{5F73AA4C-A140-49EF-B382-61ED31AD7F4C}.Debug|x86.Build.0 = Debug|Any CPU
		{5F73AA4C-A140-49EF-B382-61ED31AD7F4C}.Release|Any CPU.ActiveCfg = Release|Any CPU
		{5F73AA4C-A140-49EF-B382-61ED31AD7F4C}.Release|Any CPU.Build.0 = Release|Any CPU
		{5F73AA4C-A140-49EF-B382-61ED31AD7F4C}.Release|x64.ActiveCfg = Release|Any CPU
		{5F73AA4C-A140-49EF-B382-61ED31AD7F4C}.Release|x64.Build.0 = Release|Any CPU
		{5F73AA4C-A140-49EF-B382-61ED31AD7F4C}.Release|x86.ActiveCfg = Release|Any CPU
		{5F73AA4C-A140-49EF-B382-61ED31AD7F4C}.Release|x86.Build.0 = Release|Any CPU
	EndGlobalSection
	GlobalSection(SolutionProperties) = preSolution
		HideSolutionNode = FALSE
	EndGlobalSection
	GlobalSection(NestedProjects) = preSolution
		{7C04BB0F-301B-9400-A67A-7B594B335BF1} = {02EA681E-C7D8-13C7-8484-4AC65E1B71E8}
		{10E57349-B6D5-4912-9416-700C2A2CA42F} = {02EA681E-C7D8-13C7-8484-4AC65E1B71E8}
		{5F73AA4C-A140-49EF-B382-61ED31AD7F4C} = {02EA681E-C7D8-13C7-8484-4AC65E1B71E8}
	EndGlobalSection
	GlobalSection(ExtensibilityGlobals) = postSolution
		SolutionGuid = {F0A30980-2E3A-4845-8218-C663509C9B4A}
	EndGlobalSection
EndGlobal
